
Microsoft Visual Studio Solution File, Format Version 12.00
# Visual Studio Version 17
VisualStudioVersion = 17.7.34031.279
MinimumVisualStudioVersion = 10.0.40219.1
Project("{FAE04EC0-301F-11D3-BF4B-00C04F79EFBC}") = "SchoolUi2", "SchoolUi\SchoolUi2.csproj", "{BA6A1C99-4604-427D-8306-F7C9A2A9F34D}"
EndProject
Global
	GlobalSection(SolutionConfigurationPlatforms) = preSolution
		Debug|Any CPU = Debug|Any CPU
		Release|Any CPU = Release|Any CPU
	EndGlobalSection
	GlobalSection(ProjectConfigurationPlatforms) = postSolution
		{BA6A1C99-4604-427D-8306-F7C9A2A9F34D}.Debug|Any CPU.ActiveCfg = Debug|Any CPU
		{BA6A1C99-4604-427D-8306-F7C9A2A9F34D}.Debug|Any CPU.Build.0 = Debug|Any CPU
		{BA6A1C99-4604-427D-8306-F7C9A2A9F34D}.Release|Any CPU.ActiveCfg = Release|Any CPU
		{BA6A1C99-4604-427D-8306-F7C9A2A9F34D}.Release|Any CPU.Build.0 = Release|Any CPU
	EndGlobalSection
	GlobalSection(SolutionProperties) = preSolution
		HideSolutionNode = FALSE
	EndGlobalSection
	GlobalSection(ExtensibilityGlobals) = postSolution
		SolutionGuid = {6219575C-0C5B-4A3E-94E8-56D5C6008BAB}
	EndGlobalSection
EndGlobal
